PODS:
  - code_forge (0.0.1):
    - Flutter
  - Flutter (1.0.0)

DEPENDENCIES:
  - code_forge (from `.symlinks/plugins/code_forge/ios`)
  - Flutter (from `Flutter`)

EXTERNAL SOURCES:
  code_forge:
    :path: ".symlinks/plugins/code_forge/ios"
  Flutter:
    :path: Flutter

SPEC CHECKSUMS:
  code_forge: a4c94adbf8a96960687dec1034a20c02a5929359
  Flutter: cabc95a1d2626b1b06e7179b784ebcf0c0cde467

PODFILE CHECKSUM: 3c63482e143d1b91d2d2560aee9fb04ecc74ac7e

COCOAPODS: 1.16.2
